{
  "name": "gh0straccoon-random-names",
  "version": "1.0.0",
  "lockfileVersion": 2,
  "requires": true,
  "packages": {
    "": {
      "name": "gh0straccoon-random-names",
      "version": "1.0.0",
      "license": "MIT",
      "bin": {
        "random-name": "bin/global.js"
      }
    }
  }
}
